// !$*UTF8*$!
{
	archiveVersion = 1;
	classes = {
	};
	objectVersion = 46;
	objects = {

/* Begin PBXBuildFile section */
		6F9C505A1E83B5F400F2DF4B /* main.m in Sources */ = {isa = PBXBuildFile; fileRef = 6F9C50591E83B5F400F2DF4B /* main.m */; };
		6F9C505D1E83B5F400F2DF4B /* AppDelegate.m in Sources */ = {isa = PBXBuildFile; fileRef = 6F9C505C1E83B5F400F2DF4B /* AppDelegate.m */; };
		6F9C50601E83B5F400F2DF4B /* ViewController.m in Sources */ = {isa = PBXBuildFile; fileRef = 6F9C505F1E83B5F400F2DF4B /* ViewController.m */; };
		6F9C50631E83B5F400F2DF4B /* Main.storyboard in Resources */ = {isa = PBXBuildFile; fileRef = 6F9C50611E83B5F400F2DF4B /* Main.storyboard */; };
		6F9C50651E83B5F400F2DF4B /* Assets.xcassets in Resources */ = {isa = PBXBuildFile; fileRef = 6F9C50641E83B5F400F2DF4B /* Assets.xcassets */; };
		6F9C50681E83B5F400F2DF4B /* LaunchScreen.storyboard in Resources */ = {isa = PBXBuildFile; fileRef = 6F9C50661E83B5F400F2DF4B /* LaunchScreen.storyboard */; };
		6F9C50711E83B61B00F2DF4B /* AlertWindow.m in Sources */ = {isa = PBXBuildFile; fileRef = 6F9C50701E83B61B00F2DF4B /* AlertWindow.m */; };
/* End PBXBuildFile section */

/* Begin PBXFileReference section */
		6F9C50551E83B5F400F2DF4B /* UIWindow.app */ = {isa = PBXFileReference; explicitFileType = wrapper.application; includeInIndex = 0; path = UIWindow.app; sourceTree = BUILT_PRODUCTS_DIR; };
		6F9C50591E83B5F400F2DF4B /* main.m */ = {isa = PBXFileReference; lastKnownFileType = sourcecode.c.objc; path = main.m; sourceTree = "<group>"; };
		6F9C505B1E83B5F400F2DF4B /* AppDelegate.h */ = {isa = PBXFileReference; lastKnownFileType = sourcecode.c.h; path = AppDelegate.h; sourceTree = "<group>"; };
		6F9C505C1E83B5F400F2DF4B /* AppDelegate.m */ = {isa = PBXFileReference; lastKnownFileType = sourcecode.c.objc; path = AppDelegate.m; sourceTree = "<group>"; };
		6F9C505E1E83B5F400F2DF4B /* ViewController.h */ = {isa = PBXFileReference; lastKnownFileType = sourcecode.c.h; path = ViewController.h; sourceTree = "<group>"; };
		6F9C505F1E83B5F400F2DF4B /* ViewController.m */ = {isa = PBXFileReference; lastKnownFileType = sourcecode.c.objc; path = ViewController.m; sourceTree = "<group>"; };
		6F9C50621E83B5F400F2DF4B /* Base */ = {isa = PBXFileReference; lastKnownFileType = file.storyboard; name = Base; path = Base.lproj/Main.storyboard; sourceTree = "<group>"; };
		6F9C50641E83B5F400F2DF4B /* Assets.xcassets */ = {isa = PBXFileReference; lastKnownFileType = folder.assetcatalog; path = Assets.xcassets; sourceTree = "<group>"; };
		6F9C50671E83B5F400F2DF4B /* Base */ = {isa = PBXFileReference; lastKnownFileType = file.storyboard; name = Base; path = Base.lproj/LaunchScreen.storyboard; sourceTree = "<group>"; };
		6F9C50691E83B5F400F2DF4B /* Info.plist */ = {isa = PBXFileReference; lastKnownFileType = text.plist.xml; path = Info.plist; sourceTree = "<group>"; };
		6F9C506F1E83B61B00F2DF4B /* AlertWindow.h */ = {isa = PBXFileReference; fileEncoding = 4; lastKnownFileType = sourcecode.c.h; path = AlertWindow.h; sourceTree = "<group>"; };
		6F9C50701E83B61B00F2DF4B /* AlertWindow.m */ = {isa = PBXFileReference; fileEncoding = 4; lastKnownFileType = sourcecode.c.objc; path = AlertWindow.m; sourceTree = "<group>"; };
/* End PBXFileReference section */

/* Begin PBXFrameworksBuildPhase section */
		6F9C50521E83B5F400F2DF4B /* Frameworks */ = {
			isa = PBXFrameworksBuildPhase;
			buildActionMask = 2147483647;
			files = (
			);
			runOnlyForDeploymentPostprocessing = 0;
		};
/* End PBXFrameworksBuildPhase section */

/* Begin PBXGroup section */
		6F9C504C1E83B5F400F2DF4B = {
			isa = PBXGroup;
			children = (
				6F9C50571E83B5F400F2DF4B /* UIWindow */,
				6F9C50561E83B5F400F2DF4B /* Products */,
			);
			sourceTree = "<group>";
		};
		6F9C50561E83B5F400F2DF4B /* Products */ = {
			isa = PBXGroup;
			children = (
				6F9C50551E83B5F400F2DF4B /* UIWindow.app */,
			);
			name = Products;
			sourceTree = "<group>";
		};
		6F9C50571E83B5F400F2DF4B /* UIWindow */ = {
			isa = PBXGroup;
			children = (
				6F9C505B1E83B5F400F2DF4B /* AppDelegate.h */,
				6F9C505C1E83B5F400F2DF4B /* AppDelegate.m */,
				6F9C505E1E83B5F400F2DF4B /* ViewController.h */,
				6F9C505F1E83B5F400F2DF4B /* ViewController.m */,
				6F9C50611E83B5F400F2DF4B /* Main.storyboard */,
				6F9C50641E83B5F400F2DF4B /* Assets.xcassets */,
				6F9C50661E83B5F400F2DF4B /* LaunchScreen.storyboard */,
				6F9C50691E83B5F400F2DF4B /* Info.plist */,
				6F9C50581E83B5F400F2DF4B /* Supporting Files */,
				6F9C506F1E83B61B00F2DF4B /* AlertWindow.h */,
				6F9C50701E83B61B00F2DF4B /* AlertWindow.m */,
			);
			path = UIWindow;
			sourceTree = "<group>";
		};
		6F9C50581E83B5F400F2DF4B /* Supporting Files */ = {
			isa = PBXGroup;
			children = (
				6F9C50591E83B5F400F2DF4B /* main.m */,
			);
			name = "Supporting Files";
			sourceTree = "<group>";
		};
/* End PBXGroup section */

/* Begin PBXNativeTarget section */
		6F9C50541E83B5F400F2DF4B /* UIWindow */ = {
			isa = PBXNativeTarget;
			buildConfigurationList = 6F9C506C1E83B5F400F2DF4B /* Build configuration list for PBXNativeTarget "UIWindow" */;
			buildPhases = (
				6F9C50511E83B5F400F2DF4B /* Sources */,
				6F9C50521E83B5F400F2DF4B /* Frameworks */,
				6F9C50531E83B5F400F2DF4B /* Resources */,
			);
			buildRules = (
			);
			dependencies = (
			);
			name = UIWindow;
			productName = UIWindow;
			productReference = 6F9C50551E83B5F400F2DF4B /* UIWindow.app */;
			productType = "com.apple.product-type.application";
		};
/* End PBXNativeTarget section */

/* Begin PBXProject section */
		6F9C504D1E83B5F400F2DF4B /* Project object */ = {
			isa = PBXProject;
			attributes = {
				LastUpgradeCheck = 0810;
				ORGANIZATIONNAME = sinbahan;
				TargetAttributes = {
					6F9C50541E83B5F400F2DF4B = {
						CreatedOnToolsVersion = 8.1;
						ProvisioningStyle = Automatic;
					};
				};
			};
			buildConfigurationList = 6F9C50501E83B5F400F2DF4B /* Build configuration list for PBXProject "UIWindow" */;
			compatibilityVersion = "Xcode 3.2";
			developmentRegion = English;
			hasScannedForEncodings = 0;
			knownRegions = (
				en,
				Base,
			);
			mainGroup = 6F9C504C1E83B5F400F2DF4B;
			productRefGroup = 6F9C50561E83B5F400F2DF4B /* Products */;
			projectDirPath = "";
			projectRoot = "";
			targets = (
				6F9C50541E83B5F400F2DF4B /* UIWindow */,
			);
		};
/* End PBXProject section */

/* Begin PBXResourcesBuildPhase section */
		6F9C50531E83B5F400F2DF4B /* Resources */ = {
			isa = PBXResourcesBuildPhase;
			buildActionMask = 2147483647;
			files = (
				6F9C50681E83B5F400F2DF4B /* LaunchScreen.storyboard in Resources */,
				6F9C50651E83B5F400F2DF4B /* Assets.xcassets in Resources */,
				6F9C50631E83B5F400F2DF4B /* Main.storyboard in Resources */,
			);
			runOnlyForDeploymentPostprocessing = 0;
		};
/* End PBXResourcesBuildPhase section */

/* Begin PBXSourcesBuildPhase section */
		6F9C50511E83B5F400F2DF4B /* Sources */ = {
			isa = PBXSourcesBuildPhase;
			buildActionMask = 2147483647;
			files = (
				6F9C50711E83B61B00F2DF4B /* AlertWindow.m in Sources */,
				6F9C50601E83B5F400F2DF4B /* ViewController.m in Sources */,
				6F9C505D1E83B5F400F2DF4B /* AppDelegate.m in Sources */,
				6F9C505A1E83B5F400F2DF4B /* main.m in Sources */,
			);
			runOnlyForDeploymentPostprocessing = 0;
		};
/* End PBXSourcesBuildPhase section */

/* Begin PBXVariantGroup section */
		6F9C50611E83B5F400F2DF4B /* Main.storyboard */ = {
			isa = PBXVariantGroup;
			children = (
				6F9C50621E83B5F400F2DF4B /* Base */,
			);
			name = Main.storyboard;
			sourceTree = "<group>";
		};
		6F9C50661E83B5F400F2DF4B /* LaunchScreen.storyboard */ = {
			isa = PBXVariantGroup;
			children = (
				6F9C50671E83B5F400F2DF4B /* Base */,
			);
			name = LaunchScreen.storyboard;
			sourceTree = "<group>";
		};
/* End PBXVariantGroup section */

/* Begin XCBuildConfiguration section */
		6F9C506A1E83B5F400F2DF4B /* Debug */ = {
			isa = XCBuildConfiguration;
			buildSettings = {
				ALWAYS_SEARCH_USER_PATHS = NO;
				CLANG_ANALYZER_NONNULL = YES;
				CLANG_CXX_LANGUAGE_STANDARD = "gnu++0x";
				CLANG_CXX_LIBRARY = "libc++";
				CLANG_ENABLE_MODULES = YES;
				CLANG_ENABLE_OBJC_ARC = YES;
				CLANG_WARN_BOOL_CONVERSION = YES;
				CLANG_WARN_CONSTANT_CONVERSION = YES;
				CLANG_WARN_DIRECT_OBJC_ISA_USAGE = YES_ERROR;
				CLANG_WARN_DOCUMENTATION_COMMENTS = YES;
				CLANG_WARN_EMPTY_BODY = YES;
				CLANG_WARN_ENUM_CONVERSION = YES;
				CLANG_WARN_INFINITE_RECURSION = YES;
				CLANG_WARN_INT_CONVERSION = YES;
				CLANG_WARN_OBJC_ROOT_CLASS = YES_ERROR;
				CLANG_WARN_SUSPICIOUS_MOVES = YES;
				CLANG_WARN_UNREACHABLE_CODE = YES;
				CLANG_WARN__DUPLICATE_METHOD_MATCH = YES;
				"CODE_SIGN_IDENTITY[sdk=iphoneos*]" = "iPhone Developer";
				COPY_PHASE_STRIP = NO;
				DEBUG_INFORMATION_FORMAT = dwarf;
				ENABLE_STRICT_OBJC_MSGSEND = YES;
				ENABLE_TESTABILITY = YES;
				GCC_C_LANGUAGE_STANDARD = gnu99;
				GCC_DYNAMIC_NO_PIC = NO;
				GCC_NO_COMMON_BLOCKS = YES;
				GCC_OPTIMIZATION_LEVEL = 0;
				GCC_PREPROCESSOR_DEFINITIONS = (
					"DEBUG=1",
					"$(inherited)",
				);
				GCC_WARN_64_TO_32_BIT_CONVERSION = YES;
				GCC_WARN_ABOUT_RETURN_TYPE = YES_ERROR;
				GCC_WARN_UNDECLARED_SELECTOR = YES;
				GCC_WARN_UNINITIALIZED_AUTOS = YES_AGGRESSIVE;
				GCC_WARN_UNUSED_FUNCTION = YES;
				GCC_WARN_UNUSED_VARIABLE = YES;
				IPHONEOS_DEPLOYMENT_TARGET = 10.1;
				MTL_ENABLE_DEBUG_INFO = YES;
				ONLY_ACTIVE_ARCH = YES;
				SDKROOT = iphoneos;
			};
			name = Debug;
		};
		6F9C506B1E83B5F400F2DF4B /* Release */ = {
			isa = XCBuildConfiguration;
			buildSettings = {
				ALWAYS_SEARCH_USER_PATHS = NO;
				CLANG_ANALYZER_NONNULL = YES;
				CLANG_CXX_LANGUAGE_STANDARD = "gnu++0x";
				CLANG_CXX_LIBRARY = "libc++";
				CLANG_ENABLE_MODULES = YES;
				CLANG_ENABLE_OBJC_ARC = YES;
				CLANG_WARN_BOOL_CONVERSION = YES;
				CLANG_WARN_CONSTANT_CONVERSION = YES;
				CLANG_WARN_DIRECT_OBJC_ISA_USAGE = YES_ERROR;
				CLANG_WARN_DOCUMENTATION_COMMENTS = YES;
				CLANG_WARN_EMPTY_BODY = YES;
				CLANG_WARN_ENUM_CONVERSION = YES;
				CLANG_WARN_INFINITE_RECURSION = YES;
				CLANG_WARN_INT_CONVERSION = YES;
				CLANG_WARN_OBJC_ROOT_CLASS = YES_ERROR;
				CLANG_WARN_SUSPICIOUS_MOVES = YES;
				CLANG_WARN_UNREACHABLE_CODE = YES;
				CLANG_WARN__DUPLICATE_METHOD_MATCH = YES;
				"CODE_SIGN_IDENTITY[sdk=iphoneos*]" = "iPhone Developer";
				COPY_PHASE_STRIP = NO;
				DEBUG_INFORMATION_FORMAT = "dwarf-with-dsym";
				ENABLE_NS_ASSERTIONS = NO;
				ENABLE_STRICT_OBJC_MSGSEND = YES;
				GCC_C_LANGUAGE_STANDARD = gnu99;
				GCC_NO_COMMON_BLOCKS = YES;
				GCC_WARN_64_TO_32_BIT_CONVERSION = YES;
				GCC_WARN_ABOUT_RETURN_TYPE = YES_ERROR;
				GCC_WARN_UNDECLARED_SELECTOR = YES;
				GCC_WARN_UNINITIALIZED_AUTOS = YES_AGGRESSIVE;
				GCC_WARN_UNUSED_FUNCTION = YES;
				GCC_WARN_UNUSED_VARIABLE = YES;
				IPHONEOS_DEPLOYMENT_TARGET = 10.1;
				MTL_ENABLE_DEBUG_INFO = NO;
				SDKROOT = iphoneos;
				VALIDATE_PRODUCT = YES;
			};
			name = Release;
		};
		6F9C506D1E83B5F400F2DF4B /* Debug */ = {
			isa = XCBuildConfiguration;
			buildSettings = {
				ASSETCATALOG_COMPILER_APPICON_NAME = AppIcon;
				INFOPLIST_FILE = UIWindow/Info.plist;
				LD_RUNPATH_SEARCH_PATHS = "$(inherited) @executable_path/Frameworks";
				PRODUCT_BUNDLE_IDENTIFIER = com.sinbahan.UIWindow;
				PRODUCT_NAME = "$(TARGET_NAME)";
			};
			name = Debug;
		};
		6F9C506E1E83B5F400F2DF4B /* Release */ = {
			isa = XCBuildConfiguration;
			buildSettings = {
				ASSETCATALOG_COMPILER_APPICON_NAME = AppIcon;
				INFOPLIST_FILE = UIWindow/Info.plist;
				LD_RUNPATH_SEARCH_PATHS = "$(inherited) @executable_path/Frameworks";
				PRODUCT_BUNDLE_IDENTIFIER = com.sinbahan.UIWindow;
				PRODUCT_NAME = "$(TARGET_NAME)";
			};
			name = Release;
		};
/* End XCBuildConfiguration section */

/* Begin XCConfigurationList section */
		6F9C50501E83B5F400F2DF4B /* Build configuration list for PBXProject "UIWindow" */ = {
			isa = XCConfigurationList;
			buildConfigurations = (
				6F9C506A1E83B5F400F2DF4B /* Debug */,
				6F9C506B1E83B5F400F2DF4B /* Release */,
			);
			defaultConfigurationIsVisible = 0;
			defaultConfigurationName = Release;
		};
		6F9C506C1E83B5F400F2DF4B /* Build configuration list for PBXNativeTarget "UIWindow" */ = {
			isa = XCConfigurationList;
			buildConfigurations = (
				6F9C506D1E83B5F400F2DF4B /* Debug */,
				6F9C506E1E83B5F400F2DF4B /* Release */,
			);
			defaultConfigurationIsVisible = 0;
		};
/* End XCConfigurationList section */
	};
	rootObject = 6F9C504D1E83B5F400F2DF4B /* Project object */;
}
